
Microsoft Visual Studio Solution File, Format Version 12.00
# Visual Studio Version 16
VisualStudioVersion = 16.0.34031.81
MinimumVisualStudioVersion = 10.0.40219.1
Project("{FAE04EC0-301F-11D3-BF4B-00C04F79EFBC}") = "Tyuiu.VolodinaAA.Sprint6.Task0.V24.Lib", "Tyuiu.VolodinaAA.Sprint6.Task0.V24.Lib\Tyuiu.VolodinaAA.Sprint6.Task0.V24.Lib.csproj", "{19763D8E-6195-441A-8948-4D228735DAE9}"
EndProject
Project("{FAE04EC0-301F-11D3-BF4B-00C04F79EFBC}") = "Tyuiu.VolodinaAA.Sprint6.Task0.V24.Test", "Tyuiu.VolodinaAA.Sprint6.Task0.V24.Test\Tyuiu.VolodinaAA.Sprint6.Task0.V24.Test.csproj", "{384F9577-0D2C-401E-8E36-0D9D04FFAED1}"
EndProject
Project("{FAE04EC0-301F-11D3-BF4B-00C04F79EFBC}") = "Tyuiu.VolodinaAA.Sprint6.Task0.V24", "Tyuiu.VolodinaAA.Sprint6.Task0.V24\Tyuiu.VolodinaAA.Sprint6.Task0.V24.csproj", "{3230F747-6DBE-411B-AC22-7438BB9506EF}"
EndProject
Project("{2150E333-8FDC-42A3-9474-1A3956D46DE8}") = "Task0", "Task0", "{DC1E878B-115C-49EC-B4AF-0DDBC87CCFF8}"
EndProject
Project("{2150E333-8FDC-42A3-9474-1A3956D46DE8}") = "Task1", "Task1", "{0E47875B-A2E2-4AF0-AD74-136FA20F44FB}"
EndProject
Project("{FAE04EC0-301F-11D3-BF4B-00C04F79EFBC}") = "Tyuiu.VolodinaAA.Sprint6.Task1.V18.Lib", "Tyuiu.VolodinaAA.Sprint6.Task1.V18.Lib\Tyuiu.VolodinaAA.Sprint6.Task1.V18.Lib.csproj", "{BCE71577-438B-4B96-A20C-55F7E1B8F747}"
EndProject
Project("{FAE04EC0-301F-11D3-BF4B-00C04F79EFBC}") = "Tyuiu.VolodinaAA.Sprint6.Task1.V18.Test", "Tyuiu.VolodinaAA.Sprint6.Task1.V18.Test\Tyuiu.VolodinaAA.Sprint6.Task1.V18.Test.csproj", "{B31A7FA6-6377-46A3-BC99-39358AD3FB63}"
EndProject
Project("{FAE04EC0-301F-11D3-BF4B-00C04F79EFBC}") = "Tyuiu.VolodinaAA.Sprint6.Task1.V18", "Tyuiu.VolodinaAA.Sprint6.Task1.V18\Tyuiu.VolodinaAA.Sprint6.Task1.V18.csproj", "{7D4BE7ED-64F8-42D1-8832-8EEBE0EF37A8}"
EndProject
Project("{2150E333-8FDC-42A3-9474-1A3956D46DE8}") = "Task2", "Task2", "{E4F10B3C-030C-4A68-95B6-495933B161AB}"
EndProject
Project("{FAE04EC0-301F-11D3-BF4B-00C04F79EFBC}") = "Tyuiu.VolodinaAA.Sprint6.Task2.V24.Lib", "Tyuiu.VolodinaAA.Sprint6.Task2.V24.Lib\Tyuiu.VolodinaAA.Sprint6.Task2.V24.Lib.csproj", "{276C11FA-D271-4804-9A58-29B882E7335A}"
EndProject
Project("{FAE04EC0-301F-11D3-BF4B-00C04F79EFBC}") = "Tyuiu.VolodinaAA.Sprint6.Task2.V24.Test", "Tyuiu.VolodinaAA.Sprint6.Task2.V24.Test\Tyuiu.VolodinaAA.Sprint6.Task2.V24.Test.csproj", "{C1156420-FB36-4AD5-8FCB-051EE38F8078}"
EndProject
Project("{FAE04EC0-301F-11D3-BF4B-00C04F79EFBC}") = "Tyuiu.VolodinaAA.Sprint6.Task2.V24", "Tyuiu.VolodinaAA.Sprint6.Task2.V24\Tyuiu.VolodinaAA.Sprint6.Task2.V24.csproj", "{9F861D75-D39B-441B-8EDE-88B757A206C2}"
EndProject
Project("{2150E333-8FDC-42A3-9474-1A3956D46DE8}") = "Task3", "Task3", "{6A3A9C52-A562-4522-A4E7-644E5A6F3750}"
EndProject
Project("{FAE04EC0-301F-11D3-BF4B-00C04F79EFBC}") = "Tyuiu.VolodinaAA.Sprint6.Task3.V24.Lib", "Tyuiu.VolodinaAA.Sprint6.Task3.V24.Lib\Tyuiu.VolodinaAA.Sprint6.Task3.V24.Lib.csproj", "{5F6798B5-3DB3-4021-94BB-37291AE092B1}"
EndProject
Project("{FAE04EC0-301F-11D3-BF4B-00C04F79EFBC}") = "Tyuiu.VolodinaAA.Sprint6.Task3.V24.Test", "Tyuiu.VolodinaAA.Sprint6.Task3.V24.Test\Tyuiu.VolodinaAA.Sprint6.Task3.V24.Test.csproj", "{1526A749-635C-4256-AE78-201F4D4D1E60}"
EndProject
Project("{FAE04EC0-301F-11D3-BF4B-00C04F79EFBC}") = "Tyuiu.VolodinaAA.Sprint6.Task3.V24", "Tyuiu.VolodinaAA.Sprint6.Task3.V24\Tyuiu.VolodinaAA.Sprint6.Task3.V24.csproj", "{F37049D2-F863-4896-8512-C7B078E170AB}"
EndProject
Project("{2150E333-8FDC-42A3-9474-1A3956D46DE8}") = "Task4", "Task4", "{865680D6-8D0E-4AF9-B470-0EDCF1F8AB5A}"
EndProject
Project("{FAE04EC0-301F-11D3-BF4B-00C04F79EFBC}") = "Tyuiu.VolodinaAA.Sprint6.Task4.V20", "Tyuiu.VolodinaAA.Sprint6.Task4.V20\Tyuiu.VolodinaAA.Sprint6.Task4.V20.csproj", "{0060601E-0A84-4B7B-AD6A-88A7EFB128C0}"
EndProject
Project("{FAE04EC0-301F-11D3-BF4B-00C04F79EFBC}") = "Tyuiu.VolodinaAA.Sprint6.Task4.V20.Lib", "Tyuiu.VolodinaAA.Sprint6.Task4.V20.Lib\Tyuiu.VolodinaAA.Sprint6.Task4.V20.Lib.csproj", "{F3DE53A0-4D14-4433-AF89-FADAE85B5392}"
EndProject
Project("{FAE04EC0-301F-11D3-BF4B-00C04F79EFBC}") = "Tyuiu.VolodinaAA.Sprint6.Task4.V20.Test", "Tyuiu.VolodinaAA.Sprint6.Task4.V20.Test\Tyuiu.VolodinaAA.Sprint6.Task4.V20.Test.csproj", "{6958E043-4168-4D16-BA97-6C88AC0F1487}"
EndProject
Project("{2150E333-8FDC-42A3-9474-1A3956D46DE8}") = "Task5", "Task5", "{C06D9D8F-0328-4F05-A3C9-C919841BBE28}"
EndProject
Project("{FAE04EC0-301F-11D3-BF4B-00C04F79EFBC}") = "Tyuiu.VolodinaAA.Sprint6.Task5.V9", "Tyuiu.VolodinaAA.Sprint6.Task5.V9\Tyuiu.VolodinaAA.Sprint6.Task5.V9.csproj", "{564BE5D1-0B54-408F-8FB7-FACAC57E7EB0}"
EndProject
Project("{FAE04EC0-301F-11D3-BF4B-00C04F79EFBC}") = "Tyuiu.VolodinaAA.Sprint6.Task5.V9.Lib", "Tyuiu.VolodinaAA.Sprint6.Task5.V9.Lib\Tyuiu.VolodinaAA.Sprint6.Task5.V9.Lib.csproj", "{A08863CB-1EDE-4C23-9B10-75AF3E240C2F}"
EndProject
Project("{FAE04EC0-301F-11D3-BF4B-00C04F79EFBC}") = "Tyuiu.VolodinaAA.Sprint6.Task5.V9.Test", "Tyuiu.VolodinaAA.Sprint6.Task5.V9.Test\Tyuiu.VolodinaAA.Sprint6.Task5.V9.Test.csproj", "{2B05C6CB-829D-4CC5-A987-CA3DDEC31D10}"
EndProject
Project("{2150E333-8FDC-42A3-9474-1A3956D46DE8}") = "Task6", "Task6", "{D3F19D88-CCAC-4A48-82BA-2E94E4E7D7CC}"
EndProject
Project("{FAE04EC0-301F-11D3-BF4B-00C04F79EFBC}") = "Tyuiu.VolodinaAA.Sprint6.Task6.V20", "Tyuiu.VolodinaAA.Sprint6.Task6.V20\Tyuiu.VolodinaAA.Sprint6.Task6.V20.csproj", "{9442E635-8D2A-41D7-8B45-24A833ED8A68}"
EndProject
Project("{FAE04EC0-301F-11D3-BF4B-00C04F79EFBC}") = "Tyuiu.VolodinaAA.Sprint6.Task6.V20.Lib", "Tyuiu.VolodinaAA.Sprint6.Task6.V20.Lib\Tyuiu.VolodinaAA.Sprint6.Task6.V20.Lib.csproj", "{15EE0C3A-2690-46FE-A87A-73E14CB6D631}"
EndProject
Project("{FAE04EC0-301F-11D3-BF4B-00C04F79EFBC}") = "Tyuiu.VolodinaAA.Sprint6.Task6.V20.Test", "Tyuiu.VolodinaAA.Sprint6.Task6.V20.Test\Tyuiu.VolodinaAA.Sprint6.Task6.V20.Test.csproj", "{7B995388-09A4-440A-BDD9-1D87730C2AEB}"
EndProject
Project("{2150E333-8FDC-42A3-9474-1A3956D46DE8}") = "Task7", "Task7", "{4BCDF495-8F7E-4BE4-8CF8-8058D4D5E6F0}"
EndProject
Project("{FAE04EC0-301F-11D3-BF4B-00C04F79EFBC}") = "Tyuiu.VolodinaAA.Sprint6.Task7.V24", "Tyuiu.VolodinaAA.Sprint6.Task7.V24\Tyuiu.VolodinaAA.Sprint6.Task7.V24.csproj", "{BE49A686-35BC-40FC-8A66-D428F017827D}"
EndProject
Project("{FAE04EC0-301F-11D3-BF4B-00C04F79EFBC}") = "Tyuiu.VolodinaAA.Sprint6.Task7.V24.Lib", "Tyuiu.VolodinaAA.Sprint6.Task7.V24.Lib\Tyuiu.VolodinaAA.Sprint6.Task7.V24.Lib.csproj", "{1A7CFD54-C44A-4F24-9E44-DAE4CACAEB79}"
EndProject
Project("{FAE04EC0-301F-11D3-BF4B-00C04F79EFBC}") = "Tyuiu.VolodinaAA.Sprint6.Task7.V24.Test", "Tyuiu.VolodinaAA.Sprint6.Task7.V24.Test\Tyuiu.VolodinaAA.Sprint6.Task7.V24.Test.csproj", "{0B72B96F-9B01-4A25-AC3F-87E970248AD2}"
EndProject
Global
	GlobalSection(SolutionConfigurationPlatforms) = preSolution
		Debug|Any CPU = Debug|Any CPU
		Release|Any CPU = Release|Any CPU
	EndGlobalSection
	GlobalSection(ProjectConfigurationPlatforms) = postSolution
		{19763D8E-6195-441A-8948-4D228735DAE9}.Debug|Any CPU.ActiveCfg = Debug|Any CPU
		{19763D8E-6195-441A-8948-4D228735DAE9}.Debug|Any CPU.Build.0 = Debug|Any CPU
		{19763D8E-6195-441A-8948-4D228735DAE9}.Release|Any CPU.ActiveCfg = Release|Any CPU
		{19763D8E-6195-441A-8948-4D228735DAE9}.Release|Any CPU.Build.0 = Release|Any CPU
		{384F9577-0D2C-401E-8E36-0D9D04FFAED1}.Debug|Any CPU.ActiveCfg = Debug|Any CPU
		{384F9577-0D2C-401E-8E36-0D9D04FFAED1}.Debug|Any CPU.Build.0 = Debug|Any CPU
		{384F9577-0D2C-401E-8E36-0D9D04FFAED1}.Release|Any CPU.ActiveCfg = Release|Any CPU
		{384F9577-0D2C-401E-8E36-0D9D04FFAED1}.Release|Any CPU.Build.0 = Release|Any CPU
		{3230F747-6DBE-411B-AC22-7438BB9506EF}.Debug|Any CPU.ActiveCfg = Debug|Any CPU
		{3230F747-6DBE-411B-AC22-7438BB9506EF}.Debug|Any CPU.Build.0 = Debug|Any CPU
		{3230F747-6DBE-411B-AC22-7438BB9506EF}.Release|Any CPU.ActiveCfg = Release|Any CPU
		{3230F747-6DBE-411B-AC22-7438BB9506EF}.Release|Any CPU.Build.0 = Release|Any CPU
		{BCE71577-438B-4B96-A20C-55F7E1B8F747}.Debug|Any CPU.ActiveCfg = Debug|Any CPU
		{BCE71577-438B-4B96-A20C-55F7E1B8F747}.Debug|Any CPU.Build.0 = Debug|Any CPU
		{BCE71577-438B-4B96-A20C-55F7E1B8F747}.Release|Any CPU.ActiveCfg = Release|Any CPU
		{BCE71577-438B-4B96-A20C-55F7E1B8F747}.Release|Any CPU.Build.0 = Release|Any CPU
		{B31A7FA6-6377-46A3-BC99-39358AD3FB63}.Debug|Any CPU.ActiveCfg = Debug|Any CPU
		{B31A7FA6-6377-46A3-BC99-39358AD3FB63}.Debug|Any CPU.Build.0 = Debug|Any CPU
		{B31A7FA6-6377-46A3-BC99-39358AD3FB63}.Release|Any CPU.ActiveCfg = Release|Any CPU
		{B31A7FA6-6377-46A3-BC99-39358AD3FB63}.Release|Any CPU.Build.0 = Release|Any CPU
		{7D4BE7ED-64F8-42D1-8832-8EEBE0EF37A8}.Debug|Any CPU.ActiveCfg = Debug|Any CPU
		{7D4BE7ED-64F8-42D1-8832-8EEBE0EF37A8}.Debug|Any CPU.Build.0 = Debug|Any CPU
		{7D4BE7ED-64F8-42D1-8832-8EEBE0EF37A8}.Release|Any CPU.ActiveCfg = Release|Any CPU
		{7D4BE7ED-64F8-42D1-8832-8EEBE0EF37A8}.Release|Any CPU.Build.0 = Release|Any CPU
		{276C11FA-D271-4804-9A58-29B882E7335A}.Debug|Any CPU.ActiveCfg = Debug|Any CPU
		{276C11FA-D271-4804-9A58-29B882E7335A}.Debug|Any CPU.Build.0 = Debug|Any CPU
		{276C11FA-D271-4804-9A58-29B882E7335A}.Release|Any CPU.ActiveCfg = Release|Any CPU
		{276C11FA-D271-4804-9A58-29B882E7335A}.Release|Any CPU.Build.0 = Release|Any CPU
		{C1156420-FB36-4AD5-8FCB-051EE38F8078}.Debug|Any CPU.ActiveCfg = Debug|Any CPU
		{C1156420-FB36-4AD5-8FCB-051EE38F8078}.Debug|Any CPU.Build.0 = Debug|Any CPU
		{C1156420-FB36-4AD5-8FCB-051EE38F8078}.Release|Any CPU.ActiveCfg = Release|Any CPU
		{C1156420-FB36-4AD5-8FCB-051EE38F8078}.Release|Any CPU.Build.0 = Release|Any CPU
		{9F861D75-D39B-441B-8EDE-88B757A206C2}.Debug|Any CPU.ActiveCfg = Debug|Any CPU
		{9F861D75-D39B-441B-8EDE-88B757A206C2}.Debug|Any CPU.Build.0 = Debug|Any CPU
		{9F861D75-D39B-441B-8EDE-88B757A206C2}.Release|Any CPU.ActiveCfg = Release|Any CPU
		{9F861D75-D39B-441B-8EDE-88B757A206C2}.Release|Any CPU.Build.0 = Release|Any CPU
		{5F6798B5-3DB3-4021-94BB-37291AE092B1}.Debug|Any CPU.ActiveCfg = Debug|Any CPU
		{5F6798B5-3DB3-4021-94BB-37291AE092B1}.Debug|Any CPU.Build.0 = Debug|Any CPU
		{5F6798B5-3DB3-4021-94BB-37291AE092B1}.Release|Any CPU.ActiveCfg = Release|Any CPU
		{5F6798B5-3DB3-4021-94BB-37291AE092B1}.Release|Any CPU.Build.0 = Release|Any CPU
		{1526A749-635C-4256-AE78-201F4D4D1E60}.Debug|Any CPU.ActiveCfg = Debug|Any CPU
		{1526A749-635C-4256-AE78-201F4D4D1E60}.Debug|Any CPU.Build.0 = Debug|Any CPU
		{1526A749-635C-4256-AE78-201F4D4D1E60}.Release|Any CPU.ActiveCfg = Release|Any CPU
		{1526A749-635C-4256-AE78-201F4D4D1E60}.Release|Any CPU.Build.0 = Release|Any CPU
		{F37049D2-F863-4896-8512-C7B078E170AB}.Debug|Any CPU.ActiveCfg = Debug|Any CPU
		{F37049D2-F863-4896-8512-C7B078E170AB}.Debug|Any CPU.Build.0 = Debug|Any CPU
		{F37049D2-F863-4896-8512-C7B078E170AB}.Release|Any CPU.ActiveCfg = Release|Any CPU
		{F37049D2-F863-4896-8512-C7B078E170AB}.Release|Any CPU.Build.0 = Release|Any CPU
		{0060601E-0A84-4B7B-AD6A-88A7EFB128C0}.Debug|Any CPU.ActiveCfg = Debug|Any CPU
		{0060601E-0A84-4B7B-AD6A-88A7EFB128C0}.Debug|Any CPU.Build.0 = Debug|Any CPU
		{0060601E-0A84-4B7B-AD6A-88A7EFB128C0}.Release|Any CPU.ActiveCfg = Release|Any CPU
		{0060601E-0A84-4B7B-AD6A-88A7EFB128C0}.Release|Any CPU.Build.0 = Release|Any CPU
		{F3DE53A0-4D14-4433-AF89-FADAE85B5392}.Debug|Any CPU.ActiveCfg = Debug|Any CPU
		{F3DE53A0-4D14-4433-AF89-FADAE85B5392}.Debug|Any CPU.Build.0 = Debug|Any CPU
		{F3DE53A0-4D14-4433-AF89-FADAE85B5392}.Release|Any CPU.ActiveCfg = Release|Any CPU
		{F3DE53A0-4D14-4433-AF89-FADAE85B5392}.Release|Any CPU.Build.0 = Release|Any CPU
		{6958E043-4168-4D16-BA97-6C88AC0F1487}.Debug|Any CPU.ActiveCfg = Debug|Any CPU
		{6958E043-4168-4D16-BA97-6C88AC0F1487}.Debug|Any CPU.Build.0 = Debug|Any CPU
		{6958E043-4168-4D16-BA97-6C88AC0F1487}.Release|Any CPU.ActiveCfg = Release|Any CPU
		{6958E043-4168-4D16-BA97-6C88AC0F1487}.Release|Any CPU.Build.0 = Release|Any CPU
		{564BE5D1-0B54-408F-8FB7-FACAC57E7EB0}.Debug|Any CPU.ActiveCfg = Debug|Any CPU
		{564BE5D1-0B54-408F-8FB7-FACAC57E7EB0}.Debug|Any CPU.Build.0 = Debug|Any CPU
		{564BE5D1-0B54-408F-8FB7-FACAC57E7EB0}.Release|Any CPU.ActiveCfg = Release|Any CPU
		{564BE5D1-0B54-408F-8FB7-FACAC57E7EB0}.Release|Any CPU.Build.0 = Release|Any CPU
		{A08863CB-1EDE-4C23-9B10-75AF3E240C2F}.Debug|Any CPU.ActiveCfg = Debug|Any CPU
		{A08863CB-1EDE-4C23-9B10-75AF3E240C2F}.Debug|Any CPU.Build.0 = Debug|Any CPU
		{A08863CB-1EDE-4C23-9B10-75AF3E240C2F}.Release|Any CPU.ActiveCfg = Release|Any CPU
		{A08863CB-1EDE-4C23-9B10-75AF3E240C2F}.Release|Any CPU.Build.0 = Release|Any CPU
		{2B05C6CB-829D-4CC5-A987-CA3DDEC31D10}.Debug|Any CPU.ActiveCfg = Debug|Any CPU
		{2B05C6CB-829D-4CC5-A987-CA3DDEC31D10}.Debug|Any CPU.Build.0 = Debug|Any CPU
		{2B05C6CB-829D-4CC5-A987-CA3DDEC31D10}.Release|Any CPU.ActiveCfg = Release|Any CPU
		{2B05C6CB-829D-4CC5-A987-CA3DDEC31D10}.Release|Any CPU.Build.0 = Release|Any CPU
		{9442E635-8D2A-41D7-8B45-24A833ED8A68}.Debug|Any CPU.ActiveCfg = Debug|Any CPU
		{9442E635-8D2A-41D7-8B45-24A833ED8A68}.Debug|Any CPU.Build.0 = Debug|Any CPU
		{9442E635-8D2A-41D7-8B45-24A833ED8A68}.Release|Any CPU.ActiveCfg = Release|Any CPU
		{9442E635-8D2A-41D7-8B45-24A833ED8A68}.Release|Any CPU.Build.0 = Release|Any CPU
		{15EE0C3A-2690-46FE-A87A-73E14CB6D631}.Debug|Any CPU.ActiveCfg = Debug|Any CPU
		{15EE0C3A-2690-46FE-A87A-73E14CB6D631}.Debug|Any CPU.Build.0 = Debug|Any CPU
		{15EE0C3A-2690-46FE-A87A-73E14CB6D631}.Release|Any CPU.ActiveCfg = Release|Any CPU
		{15EE0C3A-2690-46FE-A87A-73E14CB6D631}.Release|Any CPU.Build.0 = Release|Any CPU
		{7B995388-09A4-440A-BDD9-1D87730C2AEB}.Debug|Any CPU.ActiveCfg = Debug|Any CPU
		{7B995388-09A4-440A-BDD9-1D87730C2AEB}.Debug|Any CPU.Build.0 = Debug|Any CPU
		{7B995388-09A4-440A-BDD9-1D87730C2AEB}.Release|Any CPU.ActiveCfg = Release|Any CPU
		{7B995388-09A4-440A-BDD9-1D87730C2AEB}.Release|Any CPU.Build.0 = Release|Any CPU
		{BE49A686-35BC-40FC-8A66-D428F017827D}.Debug|Any CPU.ActiveCfg = Debug|Any CPU
		{BE49A686-35BC-40FC-8A66-D428F017827D}.Debug|Any CPU.Build.0 = Debug|Any CPU
		{BE49A686-35BC-40FC-8A66-D428F017827D}.Release|Any CPU.ActiveCfg = Release|Any CPU
		{BE49A686-35BC-40FC-8A66-D428F017827D}.Release|Any CPU.Build.0 = Release|Any CPU
		{1A7CFD54-C44A-4F24-9E44-DAE4CACAEB79}.Debug|Any CPU.ActiveCfg = Debug|Any CPU
		{1A7CFD54-C44A-4F24-9E44-DAE4CACAEB79}.Debug|Any CPU.Build.0 = Debug|Any CPU
		{1A7CFD54-C44A-4F24-9E44-DAE4CACAEB79}.Release|Any CPU.ActiveCfg = Release|Any CPU
		{1A7CFD54-C44A-4F24-9E44-DAE4CACAEB79}.Release|Any CPU.Build.0 = Release|Any CPU
		{0B72B96F-9B01-4A25-AC3F-87E970248AD2}.Debug|Any CPU.ActiveCfg = Debug|Any CPU
		{0B72B96F-9B01-4A25-AC3F-87E970248AD2}.Debug|Any CPU.Build.0 = Debug|Any CPU
		{0B72B96F-9B01-4A25-AC3F-87E970248AD2}.Release|Any CPU.ActiveCfg = Release|Any CPU
		{0B72B96F-9B01-4A25-AC3F-87E970248AD2}.Release|Any CPU.Build.0 = Release|Any CPU
	EndGlobalSection
	GlobalSection(SolutionProperties) = preSolution
		HideSolutionNode = FALSE
	EndGlobalSection
	GlobalSection(NestedProjects) = preSolution
		{19763D8E-6195-441A-8948-4D228735DAE9} = {DC1E878B-115C-49EC-B4AF-0DDBC87CCFF8}
		{384F9577-0D2C-401E-8E36-0D9D04FFAED1} = {DC1E878B-115C-49EC-B4AF-0DDBC87CCFF8}
		{3230F747-6DBE-411B-AC22-7438BB9506EF} = {DC1E878B-115C-49EC-B4AF-0DDBC87CCFF8}
		{BCE71577-438B-4B96-A20C-55F7E1B8F747} = {0E47875B-A2E2-4AF0-AD74-136FA20F44FB}
		{B31A7FA6-6377-46A3-BC99-39358AD3FB63} = {0E47875B-A2E2-4AF0-AD74-136FA20F44FB}
		{7D4BE7ED-64F8-42D1-8832-8EEBE0EF37A8} = {0E47875B-A2E2-4AF0-AD74-136FA20F44FB}
		{276C11FA-D271-4804-9A58-29B882E7335A} = {E4F10B3C-030C-4A68-95B6-495933B161AB}
		{C1156420-FB36-4AD5-8FCB-051EE38F8078} = {E4F10B3C-030C-4A68-95B6-495933B161AB}
		{9F861D75-D39B-441B-8EDE-88B757A206C2} = {E4F10B3C-030C-4A68-95B6-495933B161AB}
		{5F6798B5-3DB3-4021-94BB-37291AE092B1} = {6A3A9C52-A562-4522-A4E7-644E5A6F3750}
		{1526A749-635C-4256-AE78-201F4D4D1E60} = {6A3A9C52-A562-4522-A4E7-644E5A6F3750}
		{F37049D2-F863-4896-8512-C7B078E170AB} = {6A3A9C52-A562-4522-A4E7-644E5A6F3750}
		{0060601E-0A84-4B7B-AD6A-88A7EFB128C0} = {865680D6-8D0E-4AF9-B470-0EDCF1F8AB5A}
		{F3DE53A0-4D14-4433-AF89-FADAE85B5392} = {865680D6-8D0E-4AF9-B470-0EDCF1F8AB5A}
		{6958E043-4168-4D16-BA97-6C88AC0F1487} = {865680D6-8D0E-4AF9-B470-0EDCF1F8AB5A}
		{564BE5D1-0B54-408F-8FB7-FACAC57E7EB0} = {C06D9D8F-0328-4F05-A3C9-C919841BBE28}
		{A08863CB-1EDE-4C23-9B10-75AF3E240C2F} = {C06D9D8F-0328-4F05-A3C9-C919841BBE28}
		{2B05C6CB-829D-4CC5-A987-CA3DDEC31D10} = {C06D9D8F-0328-4F05-A3C9-C919841BBE28}
		{9442E635-8D2A-41D7-8B45-24A833ED8A68} = {D3F19D88-CCAC-4A48-82BA-2E94E4E7D7CC}
		{15EE0C3A-2690-46FE-A87A-73E14CB6D631} = {D3F19D88-CCAC-4A48-82BA-2E94E4E7D7CC}
		{7B995388-09A4-440A-BDD9-1D87730C2AEB} = {D3F19D88-CCAC-4A48-82BA-2E94E4E7D7CC}
		{BE49A686-35BC-40FC-8A66-D428F017827D} = {4BCDF495-8F7E-4BE4-8CF8-8058D4D5E6F0}
		{1A7CFD54-C44A-4F24-9E44-DAE4CACAEB79} = {4BCDF495-8F7E-4BE4-8CF8-8058D4D5E6F0}
		{0B72B96F-9B01-4A25-AC3F-87E970248AD2} = {4BCDF495-8F7E-4BE4-8CF8-8058D4D5E6F0}
	EndGlobalSection
	GlobalSection(ExtensibilityGlobals) = postSolution
		SolutionGuid = {AA67EFB8-B05B-45EA-9229-9A6C2B968E2A}
	EndGlobalSection
EndGlobal
